
Microsoft Visual Studio Solution File, Format Version 12.00
# Visual Studio Version 17
VisualStudioVersion = 17.11.35327.3
MinimumVisualStudioVersion = 10.0.40219.1
Project("{FAE04EC0-301F-11D3-BF4B-00C04F79EFBC}") = "BMSproject", "BMSproject\BMSproject.csproj", "{CBABEB93-CA56-41F6-8FB4-594BCF16C30A}"
EndProject
Global
	GlobalSection(SolutionConfigurationPlatforms) = preSolution
		Debug|Any CPU = Debug|Any CPU
		Release|Any CPU = Release|Any CPU
	EndGlobalSection
	GlobalSection(ProjectConfigurationPlatforms) = postSolution
		{CBABEB93-CA56-41F6-8FB4-594BCF16C30A}.Debug|Any CPU.ActiveCfg = Debug|Any CPU
		{CBABEB93-CA56-41F6-8FB4-594BCF16C30A}.Debug|Any CPU.Build.0 = Debug|Any CPU
		{CBABEB93-CA56-41F6-8FB4-594BCF16C30A}.Release|Any CPU.ActiveCfg = Release|Any CPU
		{CBABEB93-CA56-41F6-8FB4-594BCF16C30A}.Release|Any CPU.Build.0 = Release|Any CPU
	EndGlobalSection
	GlobalSection(SolutionProperties) = preSolution
		HideSolutionNode = FALSE
	EndGlobalSection
	GlobalSection(ExtensibilityGlobals) = postSolution
		SolutionGuid = {F26F360B-729C-4A16-A09B-39714B539210}
	EndGlobalSection
EndGlobal
